
Microsoft Visual Studio Solution File, Format Version 12.00
# Visual Studio Version 17
VisualStudioVersion = 17.0.31903.59
MinimumVisualStudioVersion = 10.0.40219.1
Project("{FAE04EC0-301F-11D3-BF4B-00C04F79EFBC}") = "Rpg.Core", "Rpg.Core\Rpg.Core.csproj", "{DBB1633E-CFEB-405D-BBF8-E6668608A388}"
EndProject
Project("{FAE04EC0-301F-11D3-BF4B-00C04F79EFBC}") = "Rpg.Tests", "Rpg.Tests\Rpg.Tests.csproj", "{34C4FD6A-1E24-435A-BAFD-8148E1A6CC75}"
EndProject
Project("{FAE04EC0-301F-11D3-BF4B-00C04F79EFBC}") = "Rpg.Client", "Rpg.Client\Rpg.Client.csproj", "{8F7D0BD2-AB3C-4D17-A642-FC2535166594}"
EndProject
Global
	GlobalSection(SolutionConfigurationPlatforms) = preSolution
		Debug|Any CPU = Debug|Any CPU
		Debug|x64 = Debug|x64
		Debug|x86 = Debug|x86
		Release|Any CPU = Release|Any CPU
		Release|x64 = Release|x64
		Release|x86 = Release|x86
	EndGlobalSection
	GlobalSection(ProjectConfigurationPlatforms) = postSolution
		{DBB1633E-CFEB-405D-BBF8-E6668608A388}.Debug|Any CPU.ActiveCfg = Debug|Any CPU
		{DBB1633E-CFEB-405D-BBF8-E6668608A388}.Debug|Any CPU.Build.0 = Debug|Any CPU
		{DBB1633E-CFEB-405D-BBF8-E6668608A388}.Debug|x64.ActiveCfg = Debug|Any CPU
		{DBB1633E-CFEB-405D-BBF8-E6668608A388}.Debug|x64.Build.0 = Debug|Any CPU
		{DBB1633E-CFEB-405D-BBF8-E6668608A388}.Debug|x86.ActiveCfg = Debug|Any CPU
		{DBB1633E-CFEB-405D-BBF8-E6668608A388}.Debug|x86.Build.0 = Debug|Any CPU
		{DBB1633E-CFEB-405D-BBF8-E6668608A388}.Release|Any CPU.ActiveCfg = Release|Any CPU
		{DBB1633E-CFEB-405D-BBF8-E6668608A388}.Release|Any CPU.Build.0 = Release|Any CPU
		{DBB1633E-CFEB-405D-BBF8-E6668608A388}.Release|x64.ActiveCfg = Release|Any CPU
		{DBB1633E-CFEB-405D-BBF8-E6668608A388}.Release|x64.Build.0 = Release|Any CPU
		{DBB1633E-CFEB-405D-BBF8-E6668608A388}.Release|x86.ActiveCfg = Release|Any CPU
		{DBB1633E-CFEB-405D-BBF8-E6668608A388}.Release|x86.Build.0 = Release|Any CPU
		{34C4FD6A-1E24-435A-BAFD-8148E1A6CC75}.Debug|Any CPU.ActiveCfg = Debug|Any CPU
		{34C4FD6A-1E24-435A-BAFD-8148E1A6CC75}.Debug|Any CPU.Build.0 = Debug|Any CPU
		{34C4FD6A-1E24-435A-BAFD-8148E1A6CC75}.Debug|x64.ActiveCfg = Debug|Any CPU
		{34C4FD6A-1E24-435A-BAFD-8148E1A6CC75}.Debug|x64.Build.0 = Debug|Any CPU
		{34C4FD6A-1E24-435A-BAFD-8148E1A6CC75}.Debug|x86.ActiveCfg = Debug|Any CPU
		{34C4FD6A-1E24-435A-BAFD-8148E1A6CC75}.Debug|x86.Build.0 = Debug|Any CPU
		{34C4FD6A-1E24-435A-BAFD-8148E1A6CC75}.Release|Any CPU.ActiveCfg = Release|Any CPU
		{34C4FD6A-1E24-435A-BAFD-8148E1A6CC75}.Release|Any CPU.Build.0 = Release|Any CPU
		{34C4FD6A-1E24-435A-BAFD-8148E1A6CC75}.Release|x64.ActiveCfg = Release|Any CPU
		{34C4FD6A-1E24-435A-BAFD-8148E1A6CC75}.Release|x64.Build.0 = Release|Any CPU
		{34C4FD6A-1E24-435A-BAFD-8148E1A6CC75}.Release|x86.ActiveCfg = Release|Any CPU
		{34C4FD6A-1E24-435A-BAFD-8148E1A6CC75}.Release|x86.Build.0 = Release|Any CPU
		{8F7D0BD2-AB3C-4D17-A642-FC2535166594}.Debug|Any CPU.ActiveCfg = Debug|Any CPU
		{8F7D0BD2-AB3C-4D17-A642-FC2535166594}.Debug|Any CPU.Build.0 = Debug|Any CPU
		{8F7D0BD2-AB3C-4D17-A642-FC2535166594}.Debug|x64.ActiveCfg = Debug|Any CPU
		{8F7D0BD2-AB3C-4D17-A642-FC2535166594}.Debug|x64.Build.0 = Debug|Any CPU
		{8F7D0BD2-AB3C-4D17-A642-FC2535166594}.Debug|x86.ActiveCfg = Debug|Any CPU
		{8F7D0BD2-AB3C-4D17-A642-FC2535166594}.Debug|x86.Build.0 = Debug|Any CPU
		{8F7D0BD2-AB3C-4D17-A642-FC2535166594}.Release|Any CPU.ActiveCfg = Release|Any CPU
		{8F7D0BD2-AB3C-4D17-A642-FC2535166594}.Release|Any CPU.Build.0 = Release|Any CPU
		{8F7D0BD2-AB3C-4D17-A642-FC2535166594}.Release|x64.ActiveCfg = Release|Any CPU
		{8F7D0BD2-AB3C-4D17-A642-FC2535166594}.Release|x64.Build.0 = Release|Any CPU
		{8F7D0BD2-AB3C-4D17-A642-FC2535166594}.Release|x86.ActiveCfg = Release|Any CPU
		{8F7D0BD2-AB3C-4D17-A642-FC2535166594}.Release|x86.Build.0 = Release|Any CPU
	EndGlobalSection
	GlobalSection(SolutionProperties) = preSolution
		HideSolutionNode = FALSE
	EndGlobalSection
EndGlobal
